PODS:
  - RSViewControllerAlertView (0.1.4)

DEPENDENCIES:
  - RSViewControllerAlertView (from `../`)

EXTERNAL SOURCES:
  RSViewControllerAlertView:
    :path: ../

SPEC CHECKSUMS:
  RSViewControllerAlertView: 574598a618fc9e191bb83a980436d4d6353960e6

PODFILE CHECKSUM: f925b1175c406269af90989b5fc495b808b71a3a

COCOAPODS: 1.4.0
