// !$*UTF8*$!
{
	archiveVersion = 1;
	classes = {
	};
	objectVersion = 46;
	objects = {

/* Begin PBXBuildFile section */
		6003F58E195388D20070C39A /* Foundation.framework in Frameworks */ = {isa = PBXBuildFile; fileRef = 6003F58D195388D20070C39A /* Foundation.framework */; };
		6003F590195388D20070C39A /* CoreGraphics.framework in Frameworks */ = {isa = PBXBuildFile; fileRef = 6003F58F195388D20070C39A /* CoreGraphics.framework */; };
		6003F592195388D20070C39A /* UIKit.framework in Frameworks */ = {isa = PBXBuildFile; fileRef = 6003F591195388D20070C39A /* UIKit.framework */; };
		6003F598195388D20070C39A /* InfoPlist.strings in Resources */ = {isa = PBXBuildFile; fileRef = 6003F596195388D20070C39A /* InfoPlist.strings */; };
		6003F59A195388D20070C39A /* main.m in Sources */ = {isa = PBXBuildFile; fileRef = 6003F599195388D20070C39A /* main.m */; };
		6003F59E195388D20070C39A /* RSAppDelegate.m in Sources */ = {isa = PBXBuildFile; fileRef = 6003F59D195388D20070C39A /* RSAppDelegate.m */; };
		6003F5A9195388D20070C39A /* Images.xcassets in Resources */ = {isa = PBXBuildFile; fileRef = 6003F5A8195388D20070C39A /* Images.xcassets */; };
		71719F9F1E33DC2100824A3D /* LaunchScreen.storyboard in Resources */ = {isa = PBXBuildFile; fileRef = 71719F9D1E33DC2100824A3D /* LaunchScreen.storyboard */; };
		873B8AEB1B1F5CCA007FD442 /* Main.storyboard in Resources */ = {isa = PBXBuildFile; fileRef = 873B8AEA1B1F5CCA007FD442 /* Main.storyboard */; };
		CAC2D098207E6F0D00BF7A04 /* custom_alert.storyboard in Resources */ = {isa = PBXBuildFile; fileRef = CAC2D095207E6F0D00BF7A04 /* custom_alert.storyboard */; };
		CAC2D099207E6F0D00BF7A04 /* RSCustomAlert.m in Sources */ = {isa = PBXBuildFile; fileRef = CAC2D096207E6F0D00BF7A04 /* RSCustomAlert.m */; };
		CAC2D0AE207E6FA800BF7A04 /* RSPushedVC.m in Sources */ = {isa = PBXBuildFile; fileRef = CAC2D0A8207E6FA700BF7A04 /* RSPushedVC.m */; };
		CAC2D0AF207E6FA800BF7A04 /* RSPresentedVC.m in Sources */ = {isa = PBXBuildFile; fileRef = CAC2D0A9207E6FA800BF7A04 /* RSPresentedVC.m */; };
		CAC2D0B0207E6FA800BF7A04 /* RSDirectVC.m in Sources */ = {isa = PBXBuildFile; fileRef = CAC2D0AA207E6FA800BF7A04 /* RSDirectVC.m */; };
		CAC2D0B1207E6FA800BF7A04 /* RSRootPushedVC.m in Sources */ = {isa = PBXBuildFile; fileRef = CAC2D0AB207E6FA800BF7A04 /* RSRootPushedVC.m */; };
		CAC2D0F2207E8E8300BF7A04 /* RSViewControllerAlertView.framework in Frameworks */ = {isa = PBXBuildFile; fileRef = CAC2D0F3207E8E8300BF7A04 /* RSViewControllerAlertView.framework */; };
/* End PBXBuildFile section */

/* Begin PBXCopyFilesBuildPhase section */
		CAC2D0B5207E70A300BF7A04 /* Embed Frameworks */ = {
			isa = PBXCopyFilesBuildPhase;
			buildActionMask = 2147483647;
			dstPath = "";
			dstSubfolderSpec = 10;
			files = (
			);
			name = "Embed Frameworks";
			runOnlyForDeploymentPostprocessing = 0;
		};
/* End PBXCopyFilesBuildPhase section */

/* Begin PBXFileReference section */
		027BD46BC3A432C820B968B0 /* LICENSE */ = {isa = PBXFileReference; includeInIndex = 1; lastKnownFileType = text; name = LICENSE; path = ../LICENSE; sourceTree = "<group>"; };
		16E5045E74B902CC12C30538 /* Pods-RSViewControllerAlertView_Example.release.xcconfig */ = {isa = PBXFileReference; includeInIndex = 1; lastKnownFileType = text.xcconfig; name = "Pods-RSViewControllerAlertView_Example.release.xcconfig"; path = "Pods/Target Support Files/Pods-RSViewControllerAlertView_Example/Pods-RSViewControllerAlertView_Example.release.xcconfig"; sourceTree = "<group>"; };
		2D2DA39FE1CCBCD6B66E500B /* RSViewControllerAlertView.podspec */ = {isa = PBXFileReference; includeInIndex = 1; lastKnownFileType = text; name = RSViewControllerAlertView.podspec; path = ../RSViewControllerAlertView.podspec; sourceTree = "<group>"; xcLanguageSpecificationIdentifier = xcode.lang.ruby; };
		38B519AEE6D4B35DB73F2E5C /* Pods-RSViewControllerAlertView_Example.debug.xcconfig */ = {isa = PBXFileReference; includeInIndex = 1; lastKnownFileType = text.xcconfig; name = "Pods-RSViewControllerAlertView_Example.debug.xcconfig"; path = "Pods/Target Support Files/Pods-RSViewControllerAlertView_Example/Pods-RSViewControllerAlertView_Example.debug.xcconfig"; sourceTree = "<group>"; };
		43E3C59948CDDDF0DE659239 /* Pods_RSViewControllerAlertView_Example.framework */ = {isa = PBXFileReference; explicitFileType = wrapper.framework; includeInIndex = 0; path = Pods_RSViewControllerAlertView_Example.framework; sourceTree = BUILT_PRODUCTS_DIR; };
		5D483AFF64B2B3BBB87F9834 /* Pods-RSViewControllerAlertView_Tests.release.xcconfig */ = {isa = PBXFileReference; includeInIndex = 1; lastKnownFileType = text.xcconfig; name = "Pods-RSViewControllerAlertView_Tests.release.xcconfig"; path = "Pods/Target Support Files/Pods-RSViewControllerAlertView_Tests/Pods-RSViewControllerAlertView_Tests.release.xcconfig"; sourceTree = "<group>"; };
		6003F58A195388D20070C39A /* RSViewControllerAlertView_Example.app */ = {isa = PBXFileReference; explicitFileType = wrapper.application; includeInIndex = 0; path = RSViewControllerAlertView_Example.app; sourceTree = BUILT_PRODUCTS_DIR; };
		6003F58D195388D20070C39A /* Foundation.framework */ = {isa = PBXFileReference; lastKnownFileType = wrapper.framework; name = Foundation.framework; path = System/Library/Frameworks/Foundation.framework; sourceTree = SDKROOT; };
		6003F58F195388D20070C39A /* CoreGraphics.framework */ = {isa = PBXFileReference; lastKnownFileType = wrapper.framework; name = CoreGraphics.framework; path = System/Library/Frameworks/CoreGraphics.framework; sourceTree = SDKROOT; };
		6003F591195388D20070C39A /* UIKit.framework */ = {isa = PBXFileReference; lastKnownFileType = wrapper.framework; name = UIKit.framework; path = System/Library/Frameworks/UIKit.framework; sourceTree = SDKROOT; };
		6003F595195388D20070C39A /* RSViewControllerAlertView-Info.plist */ = {isa = PBXFileReference; lastKnownFileType = text.plist.xml; path = "RSViewControllerAlertView-Info.plist"; sourceTree = "<group>"; };
		6003F597195388D20070C39A /* en */ = {isa = PBXFileReference; lastKnownFileType = text.plist.strings; name = en; path = en.lproj/InfoPlist.strings; sourceTree = "<group>"; };
		6003F599195388D20070C39A /* main.m */ = {isa = PBXFileReference; lastKnownFileType = sourcecode.c.objc; path = main.m; sourceTree = "<group>"; };
		6003F59B195388D20070C39A /* RSViewControllerAlertView-Prefix.pch */ = {isa = PBXFileReference; lastKnownFileType = sourcecode.c.h; path = "RSViewControllerAlertView-Prefix.pch"; sourceTree = "<group>"; };
		6003F59C195388D20070C39A /* RSAppDelegate.h */ = {isa = PBXFileReference; lastKnownFileType = sourcecode.c.h; path = RSAppDelegate.h; sourceTree = "<group>"; };
		6003F59D195388D20070C39A /* RSAppDelegate.m */ = {isa = PBXFileReference; lastKnownFileType = sourcecode.c.objc; path = RSAppDelegate.m; sourceTree = "<group>"; };
		6003F5A8195388D20070C39A /* Images.xcassets */ = {isa = PBXFileReference; lastKnownFileType = folder.assetcatalog; path = Images.xcassets; sourceTree = "<group>"; };
		6003F5AF195388D20070C39A /* XCTest.framework */ = {isa = PBXFileReference; lastKnownFileType = wrapper.framework; name = XCTest.framework; path = Library/Frameworks/XCTest.framework; sourceTree = DEVELOPER_DIR; };
		6003F5B7195388D20070C39A /* Tests-Info.plist */ = {isa = PBXFileReference; lastKnownFileType = text.plist.xml; path = "Tests-Info.plist"; sourceTree = "<group>"; };
		6003F5B9195388D20070C39A /* en */ = {isa = PBXFileReference; lastKnownFileType = text.plist.strings; name = en; path = en.lproj/InfoPlist.strings; sourceTree = "<group>"; };
		6003F5BB195388D20070C39A /* Tests.m */ = {isa = PBXFileReference; lastKnownFileType = sourcecode.c.objc; path = Tests.m; sourceTree = "<group>"; };
		606FC2411953D9B200FFA9A0 /* Tests-Prefix.pch */ = {isa = PBXFileReference; lastKnownFileType = sourcecode.c.h; path = "Tests-Prefix.pch"; sourceTree = "<group>"; };
		62161649DE9B806622A80738 /* Pods-RSViewControllerAlertView_Tests.debug.xcconfig */ = {isa = PBXFileReference; includeInIndex = 1; lastKnownFileType = text.xcconfig; name = "Pods-RSViewControllerAlertView_Tests.debug.xcconfig"; path = "Pods/Target Support Files/Pods-RSViewControllerAlertView_Tests/Pods-RSViewControllerAlertView_Tests.debug.xcconfig"; sourceTree = "<group>"; };
		71719F9E1E33DC2100824A3D /* Base */ = {isa = PBXFileReference; lastKnownFileType = file.storyboard; name = Base; path = Base.lproj/LaunchScreen.storyboard; sourceTree = "<group>"; };
		873B8AEA1B1F5CCA007FD442 /* Main.storyboard */ = {isa = PBXFileReference; fileEncoding = 4; lastKnownFileType = file.storyboard; name = Main.storyboard; path = Base.lproj/Main.storyboard; sourceTree = "<group>"; };
		AEACBE16C084A378B44F5E4D /* Pods_RSViewControllerAlertView_Tests.framework */ = {isa = PBXFileReference; explicitFileType = wrapper.framework; includeInIndex = 0; path = Pods_RSViewControllerAlertView_Tests.framework; sourceTree = BUILT_PRODUCTS_DIR; };
		AFE758ADAA43BCAF525DA79A /* README.md */ = {isa = PBXFileReference; includeInIndex = 1; lastKnownFileType = net.daringfireball.markdown; name = README.md; path = ../README.md; sourceTree = "<group>"; };
		CAC2D095207E6F0D00BF7A04 /* custom_alert.storyboard */ = {isa = PBXFileReference; fileEncoding = 4; lastKnownFileType = file.storyboard; path = custom_alert.storyboard; sourceTree = "<group>"; };
		CAC2D096207E6F0D00BF7A04 /* RSCustomAlert.m */ = {isa = PBXFileReference; fileEncoding = 4; lastKnownFileType = sourcecode.c.objc; path = RSCustomAlert.m; sourceTree = "<group>"; };
		CAC2D097207E6F0D00BF7A04 /* RSCustomAlert.h */ = {isa = PBXFileReference; fileEncoding = 4; lastKnownFileType = sourcecode.c.h; path = RSCustomAlert.h; sourceTree = "<group>"; };
		CAC2D0A6207E6FA700BF7A04 /* RSDirectVC.h */ = {isa = PBXFileReference; fileEncoding = 4; lastKnownFileType = sourcecode.c.h; path = RSDirectVC.h; sourceTree = "<group>"; };
		CAC2D0A7207E6FA700BF7A04 /* RSPushedVC.h */ = {isa = PBXFileReference; fileEncoding = 4; lastKnownFileType = sourcecode.c.h; path = RSPushedVC.h; sourceTree = "<group>"; };
		CAC2D0A8207E6FA700BF7A04 /* RSPushedVC.m */ = {isa = PBXFileReference; fileEncoding = 4; lastKnownFileType = sourcecode.c.objc; path = RSPushedVC.m; sourceTree = "<group>"; };
		CAC2D0A9207E6FA800BF7A04 /* RSPresentedVC.m */ = {isa = PBXFileReference; fileEncoding = 4; lastKnownFileType = sourcecode.c.objc; path = RSPresentedVC.m; sourceTree = "<group>"; };
		CAC2D0AA207E6FA800BF7A04 /* RSDirectVC.m */ = {isa = PBXFileReference; fileEncoding = 4; lastKnownFileType = sourcecode.c.objc; path = RSDirectVC.m; sourceTree = "<group>"; };
		CAC2D0AB207E6FA800BF7A04 /* RSRootPushedVC.m */ = {isa = PBXFileReference; fileEncoding = 4; lastKnownFileType = sourcecode.c.objc; path = RSRootPushedVC.m; sourceTree = "<group>"; };
		CAC2D0AC207E6FA800BF7A04 /* RSRootPushedVC.h */ = {isa = PBXFileReference; fileEncoding = 4; lastKnownFileType = sourcecode.c.h; path = RSRootPushedVC.h; sourceTree = "<group>"; };
		CAC2D0AD207E6FA800BF7A04 /* RSPresentedVC.h */ = {isa = PBXFileReference; fileEncoding = 4; lastKnownFileType = sourcecode.c.h; path = RSPresentedVC.h; sourceTree = "<group>"; };
		CAC2D0F3207E8E8300BF7A04 /* RSViewControllerAlertView.framework */ = {isa = PBXFileReference; explicitFileType = wrapper.framework; path = RSViewControllerAlertView.framework; sourceTree = BUILT_PRODUCTS_DIR; };
/* End PBXFileReference section */

/* Begin PBXFrameworksBuildPhase section */
		6003F587195388D20070C39A /* Frameworks */ = {
			isa = PBXFrameworksBuildPhase;
			buildActionMask = 2147483647;
			files = (
				CAC2D0F2207E8E8300BF7A04 /* RSViewControllerAlertView.framework in Frameworks */,
				6003F590195388D20070C39A /* CoreGraphics.framework in Frameworks */,
				6003F592195388D20070C39A /* UIKit.framework in Frameworks */,
				6003F58E195388D20070C39A /* Foundation.framework in Frameworks */,
			);
			runOnlyForDeploymentPostprocessing = 0;
		};
/* End PBXFrameworksBuildPhase section */

/* Begin PBXGroup section */
		6003F581195388D10070C39A = {
			isa = PBXGroup;
			children = (
				60FF7A9C1954A5C5007DD14C /* Podspec Metadata */,
				6003F593195388D20070C39A /* Example for RSViewControllerAlertView */,
				6003F5B5195388D20070C39A /* Tests */,
				6003F58C195388D20070C39A /* Frameworks */,
				6003F58B195388D20070C39A /* Products */,
				8E4A28C01F217D8AEDF5EF89 /* Pods */,
			);
			sourceTree = "<group>";
		};
		6003F58B195388D20070C39A /* Products */ = {
			isa = PBXGroup;
			children = (
				6003F58A195388D20070C39A /* RSViewControllerAlertView_Example.app */,
			);
			name = Products;
			sourceTree = "<group>";
		};
		6003F58C195388D20070C39A /* Frameworks */ = {
			isa = PBXGroup;
			children = (
				CAC2D0F3207E8E8300BF7A04 /* RSViewControllerAlertView.framework */,
				6003F58D195388D20070C39A /* Foundation.framework */,
				6003F58F195388D20070C39A /* CoreGraphics.framework */,
				6003F591195388D20070C39A /* UIKit.framework */,
				6003F5AF195388D20070C39A /* XCTest.framework */,
				43E3C59948CDDDF0DE659239 /* Pods_RSViewControllerAlertView_Example.framework */,
				AEACBE16C084A378B44F5E4D /* Pods_RSViewControllerAlertView_Tests.framework */,
			);
			name = Frameworks;
			sourceTree = "<group>";
		};
		6003F593195388D20070C39A /* Example for RSViewControllerAlertView */ = {
			isa = PBXGroup;
			children = (
				CAC2D094207E6F0D00BF7A04 /* CustomAlert */,
				CAC2D0A6207E6FA700BF7A04 /* RSDirectVC.h */,
				CAC2D0AA207E6FA800BF7A04 /* RSDirectVC.m */,
				6003F5A8195388D20070C39A /* Images.xcassets */,
				71719F9D1E33DC2100824A3D /* LaunchScreen.storyboard */,
				873B8AEA1B1F5CCA007FD442 /* Main.storyboard */,
				CAC2D0AD207E6FA800BF7A04 /* RSPresentedVC.h */,
				CAC2D0A9207E6FA800BF7A04 /* RSPresentedVC.m */,
				CAC2D0A7207E6FA700BF7A04 /* RSPushedVC.h */,
				CAC2D0A8207E6FA700BF7A04 /* RSPushedVC.m */,
				CAC2D0AC207E6FA800BF7A04 /* RSRootPushedVC.h */,
				CAC2D0AB207E6FA800BF7A04 /* RSRootPushedVC.m */,
				6003F59C195388D20070C39A /* RSAppDelegate.h */,
				6003F59D195388D20070C39A /* RSAppDelegate.m */,
				6003F594195388D20070C39A /* Supporting Files */,
			);
			name = "Example for RSViewControllerAlertView";
			path = RSViewControllerAlertView;
			sourceTree = "<group>";
		};
		6003F594195388D20070C39A /* Supporting Files */ = {
			isa = PBXGroup;
			children = (
				6003F595195388D20070C39A /* RSViewControllerAlertView-Info.plist */,
				6003F596195388D20070C39A /* InfoPlist.strings */,
				6003F599195388D20070C39A /* main.m */,
				6003F59B195388D20070C39A /* RSViewControllerAlertView-Prefix.pch */,
			);
			name = "Supporting Files";
			sourceTree = "<group>";
		};
		6003F5B5195388D20070C39A /* Tests */ = {
			isa = PBXGroup;
			children = (
				6003F5BB195388D20070C39A /* Tests.m */,
				6003F5B6195388D20070C39A /* Supporting Files */,
			);
			path = Tests;
			sourceTree = "<group>";
		};
		6003F5B6195388D20070C39A /* Supporting Files */ = {
			isa = PBXGroup;
			children = (
				6003F5B7195388D20070C39A /* Tests-Info.plist */,
				6003F5B8195388D20070C39A /* InfoPlist.strings */,
				606FC2411953D9B200FFA9A0 /* Tests-Prefix.pch */,
			);
			name = "Supporting Files";
			sourceTree = "<group>";
		};
		60FF7A9C1954A5C5007DD14C /* Podspec Metadata */ = {
			isa = PBXGroup;
			children = (
				2D2DA39FE1CCBCD6B66E500B /* RSViewControllerAlertView.podspec */,
				AFE758ADAA43BCAF525DA79A /* README.md */,
				027BD46BC3A432C820B968B0 /* LICENSE */,
			);
			name = "Podspec Metadata";
			sourceTree = "<group>";
		};
		8E4A28C01F217D8AEDF5EF89 /* Pods */ = {
			isa = PBXGroup;
			children = (
				38B519AEE6D4B35DB73F2E5C /* Pods-RSViewControllerAlertView_Example.debug.xcconfig */,
				16E5045E74B902CC12C30538 /* Pods-RSViewControllerAlertView_Example.release.xcconfig */,
				62161649DE9B806622A80738 /* Pods-RSViewControllerAlertView_Tests.debug.xcconfig */,
				5D483AFF64B2B3BBB87F9834 /* Pods-RSViewControllerAlertView_Tests.release.xcconfig */,
			);
			name = Pods;
			sourceTree = "<group>";
		};
		CAC2D094207E6F0D00BF7A04 /* CustomAlert */ = {
			isa = PBXGroup;
			children = (
				CAC2D095207E6F0D00BF7A04 /* custom_alert.storyboard */,
				CAC2D097207E6F0D00BF7A04 /* RSCustomAlert.h */,
				CAC2D096207E6F0D00BF7A04 /* RSCustomAlert.m */,
			);
			path = CustomAlert;
			sourceTree = "<group>";
		};
/* End PBXGroup section */

/* Begin PBXNativeTarget section */
		6003F589195388D20070C39A /* RSViewControllerAlertView_Example */ = {
			isa = PBXNativeTarget;
			buildConfigurationList = 6003F5BF195388D20070C39A /* Build configuration list for PBXNativeTarget "RSViewControllerAlertView_Example" */;
			buildPhases = (
				282ECE45066AD3A0C7FE93BF /* [CP] Check Pods Manifest.lock */,
				6003F586195388D20070C39A /* Sources */,
				6003F587195388D20070C39A /* Frameworks */,
				6003F588195388D20070C39A /* Resources */,
				7F622F1FEB67C249B0CA1527 /* [CP] Embed Pods Frameworks */,
				F10635716BD252791DB62BBE /* [CP] Copy Pods Resources */,
				CAC2D0B5207E70A300BF7A04 /* Embed Frameworks */,
			);
			buildRules = (
			);
			dependencies = (
			);
			name = RSViewControllerAlertView_Example;
			productName = RSViewControllerAlertView;
			productReference = 6003F58A195388D20070C39A /* RSViewControllerAlertView_Example.app */;
			productType = "com.apple.product-type.application";
		};
/* End PBXNativeTarget section */

/* Begin PBXProject section */
		6003F582195388D10070C39A /* Project object */ = {
			isa = PBXProject;
			attributes = {
				CLASSPREFIX = RS;
				LastUpgradeCheck = 0720;
				ORGANIZATIONNAME = "Ratul Sharker";
				TargetAttributes = {
					6003F589195388D20070C39A = {
						ProvisioningStyle = Manual;
					};
				};
			};
			buildConfigurationList = 6003F585195388D10070C39A /* Build configuration list for PBXProject "RSViewControllerAlertView" */;
			compatibilityVersion = "Xcode 3.2";
			developmentRegion = English;
			hasScannedForEncodings = 0;
			knownRegions = (
				en,
				Base,
			);
			mainGroup = 6003F581195388D10070C39A;
			productRefGroup = 6003F58B195388D20070C39A /* Products */;
			projectDirPath = "";
			projectRoot = "";
			targets = (
				6003F589195388D20070C39A /* RSViewControllerAlertView_Example */,
			);
		};
/* End PBXProject section */

/* Begin PBXResourcesBuildPhase section */
		6003F588195388D20070C39A /* Resources */ = {
			isa = PBXResourcesBuildPhase;
			buildActionMask = 2147483647;
			files = (
				CAC2D098207E6F0D00BF7A04 /* custom_alert.storyboard in Resources */,
				873B8AEB1B1F5CCA007FD442 /* Main.storyboard in Resources */,
				71719F9F1E33DC2100824A3D /* LaunchScreen.storyboard in Resources */,
				6003F5A9195388D20070C39A /* Images.xcassets in Resources */,
				6003F598195388D20070C39A /* InfoPlist.strings in Resources */,
			);
			runOnlyForDeploymentPostprocessing = 0;
		};
/* End PBXResourcesBuildPhase section */

/* Begin PBXShellScriptBuildPhase section */
		282ECE45066AD3A0C7FE93BF /* [CP] Check Pods Manifest.lock */ = {
			isa = PBXShellScriptBuildPhase;
			buildActionMask = 2147483647;
			files = (
			);
			inputPaths = (
				"${PODS_PODFILE_DIR_PATH}/Podfile.lock",
				"${PODS_ROOT}/Manifest.lock",
			);
			name = "[CP] Check Pods Manifest.lock";
			outputPaths = (
				"$(DERIVED_FILE_DIR)/Pods-RSViewControllerAlertView_Example-checkManifestLockResult.txt",
			);
			runOnlyForDeploymentPostprocessing = 0;
			shellPath = /bin/sh;
			shellScript = "diff \"${PODS_PODFILE_DIR_PATH}/Podfile.lock\" \"${PODS_ROOT}/Manifest.lock\" > /dev/null\nif [ $? != 0 ] ; then\n    # print error to STDERR\n    echo \"error: The sandbox is not in sync with the Podfile.lock. Run 'pod install' or update your CocoaPods installation.\" >&2\n    exit 1\nfi\n# This output is used by Xcode 'outputs' to avoid re-running this script phase.\necho \"SUCCESS\" > \"${SCRIPT_OUTPUT_FILE_0}\"\n";
			showEnvVarsInLog = 0;
		};
		7F622F1FEB67C249B0CA1527 /* [CP] Embed Pods Frameworks */ = {
			isa = PBXShellScriptBuildPhase;
			buildActionMask = 2147483647;
			files = (
			);
			inputPaths = (
				"${SRCROOT}/Pods/Target Support Files/Pods-RSViewControllerAlertView_Example/Pods-RSViewControllerAlertView_Example-frameworks.sh",
				"${BUILT_PRODUCTS_DIR}/RSViewControllerAlertView/RSViewControllerAlertView.framework",
			);
			name = "[CP] Embed Pods Frameworks";
			outputPaths = (
				"${TARGET_BUILD_DIR}/${FRAMEWORKS_FOLDER_PATH}/RSViewControllerAlertView.framework",
			);
			runOnlyForDeploymentPostprocessing = 0;
			shellPath = /bin/sh;
			shellScript = "\"${SRCROOT}/Pods/Target Support Files/Pods-RSViewControllerAlertView_Example/Pods-RSViewControllerAlertView_Example-frameworks.sh\"\n";
			showEnvVarsInLog = 0;
		};
		F10635716BD252791DB62BBE /* [CP] Copy Pods Resources */ = {
			isa = PBXShellScriptBuildPhase;
			buildActionMask = 2147483647;
			files = (
			);
			inputPaths = (
			);
			name = "[CP] Copy Pods Resources";
			outputPaths = (
			);
			runOnlyForDeploymentPostprocessing = 0;
			shellPath = /bin/sh;
			shellScript = "\"${SRCROOT}/Pods/Target Support Files/Pods-RSViewControllerAlertView_Example/Pods-RSViewControllerAlertView_Example-resources.sh\"\n";
			showEnvVarsInLog = 0;
		};
/* End PBXShellScriptBuildPhase section */

/* Begin PBXSourcesBuildPhase section */
		6003F586195388D20070C39A /* Sources */ = {
			isa = PBXSourcesBuildPhase;
			buildActionMask = 2147483647;
			files = (
				6003F59E195388D20070C39A /* RSAppDelegate.m in Sources */,
				CAC2D0AF207E6FA800BF7A04 /* RSPresentedVC.m in Sources */,
				CAC2D0AE207E6FA800BF7A04 /* RSPushedVC.m in Sources */,
				6003F59A195388D20070C39A /* main.m in Sources */,
				CAC2D0B0207E6FA800BF7A04 /* RSDirectVC.m in Sources */,
				CAC2D099207E6F0D00BF7A04 /* RSCustomAlert.m in Sources */,
				CAC2D0B1207E6FA800BF7A04 /* RSRootPushedVC.m in Sources */,
			);
			runOnlyForDeploymentPostprocessing = 0;
		};
/* End PBXSourcesBuildPhase section */

/* Begin PBXVariantGroup section */
		6003F596195388D20070C39A /* InfoPlist.strings */ = {
			isa = PBXVariantGroup;
			children = (
				6003F597195388D20070C39A /* en */,
			);
			name = InfoPlist.strings;
			sourceTree = "<group>";
		};
		6003F5B8195388D20070C39A /* InfoPlist.strings */ = {
			isa = PBXVariantGroup;
			children = (
				6003F5B9195388D20070C39A /* en */,
			);
			name = InfoPlist.strings;
			sourceTree = "<group>";
		};
		71719F9D1E33DC2100824A3D /* LaunchScreen.storyboard */ = {
			isa = PBXVariantGroup;
			children = (
				71719F9E1E33DC2100824A3D /* Base */,
			);
			name = LaunchScreen.storyboard;
			sourceTree = "<group>";
		};
/* End PBXVariantGroup section */

/* Begin XCBuildConfiguration section */
		6003F5BD195388D20070C39A /* Debug */ = {
			isa = XCBuildConfiguration;
			buildSettings = {
				ALWAYS_SEARCH_USER_PATHS = NO;
				CLANG_CXX_LANGUAGE_STANDARD = "gnu++0x";
				CLANG_CXX_LIBRARY = "libc++";
				CLANG_ENABLE_MODULES = YES;
				CLANG_ENABLE_OBJC_ARC = YES;
				CLANG_WARN_BOOL_CONVERSION = YES;
				CLANG_WARN_CONSTANT_CONVERSION = YES;
				CLANG_WARN_DIRECT_OBJC_ISA_USAGE = YES_ERROR;
				CLANG_WARN_EMPTY_BODY = YES;
				CLANG_WARN_ENUM_CONVERSION = YES;
				CLANG_WARN_INT_CONVERSION = YES;
				CLANG_WARN_OBJC_ROOT_CLASS = YES_ERROR;
				CLANG_WARN__DUPLICATE_METHOD_MATCH = YES;
				"CODE_SIGN_IDENTITY[sdk=iphoneos*]" = "iPhone Developer";
				COPY_PHASE_STRIP = NO;
				ENABLE_TESTABILITY = YES;
				GCC_C_LANGUAGE_STANDARD = gnu99;
				GCC_DYNAMIC_NO_PIC = NO;
				GCC_OPTIMIZATION_LEVEL = 0;
				GCC_PREPROCESSOR_DEFINITIONS = (
					"DEBUG=1",
					"$(inherited)",
				);
				GCC_SYMBOLS_PRIVATE_EXTERN = NO;
				GCC_WARN_64_TO_32_BIT_CONVERSION = YES;
				GCC_WARN_ABOUT_RETURN_TYPE = YES_ERROR;
				GCC_WARN_UNDECLARED_SELECTOR = YES;
				GCC_WARN_UNINITIALIZED_AUTOS = YES_AGGRESSIVE;
				GCC_WARN_UNUSED_FUNCTION = YES;
				GCC_WARN_UNUSED_VARIABLE = YES;
				IPHONEOS_DEPLOYMENT_TARGET = 9.3;
				ONLY_ACTIVE_ARCH = YES;
				SDKROOT = iphoneos;
				TARGETED_DEVICE_FAMILY = "1,2";
			};
			name = Debug;
		};
		6003F5BE195388D20070C39A /* Release */ = {
			isa = XCBuildConfiguration;
			buildSettings = {
				ALWAYS_SEARCH_USER_PATHS = NO;
				CLANG_CXX_LANGUAGE_STANDARD = "gnu++0x";
				CLANG_CXX_LIBRARY = "libc++";
				CLANG_ENABLE_MODULES = YES;
				CLANG_ENABLE_OBJC_ARC = YES;
				CLANG_WARN_BOOL_CONVERSION = YES;
				CLANG_WARN_CONSTANT_CONVERSION = YES;
				CLANG_WARN_DIRECT_OBJC_ISA_USAGE = YES_ERROR;
				CLANG_WARN_EMPTY_BODY = YES;
				CLANG_WARN_ENUM_CONVERSION = YES;
				CLANG_WARN_INT_CONVERSION = YES;
				CLANG_WARN_OBJC_ROOT_CLASS = YES_ERROR;
				CLANG_WARN__DUPLICATE_METHOD_MATCH = YES;
				"CODE_SIGN_IDENTITY[sdk=iphoneos*]" = "iPhone Developer";
				COPY_PHASE_STRIP = YES;
				ENABLE_NS_ASSERTIONS = NO;
				GCC_C_LANGUAGE_STANDARD = gnu99;
				GCC_WARN_64_TO_32_BIT_CONVERSION = YES;
				GCC_WARN_ABOUT_RETURN_TYPE = YES_ERROR;
				GCC_WARN_UNDECLARED_SELECTOR = YES;
				GCC_WARN_UNINITIALIZED_AUTOS = YES_AGGRESSIVE;
				GCC_WARN_UNUSED_FUNCTION = YES;
				GCC_WARN_UNUSED_VARIABLE = YES;
				IPHONEOS_DEPLOYMENT_TARGET = 9.3;
				SDKROOT = iphoneos;
				TARGETED_DEVICE_FAMILY = "1,2";
				VALIDATE_PRODUCT = YES;
			};
			name = Release;
		};
		6003F5C0195388D20070C39A /* Debug */ = {
			isa = XCBuildConfiguration;
			baseConfigurationReference = 38B519AEE6D4B35DB73F2E5C /* Pods-RSViewControllerAlertView_Example.debug.xcconfig */;
			buildSettings = {
				ASSETCATALOG_COMPILER_APPICON_NAME = AppIcon;
				CODE_SIGN_STYLE = Manual;
				DEVELOPMENT_TEAM = "";
				GCC_PRECOMPILE_PREFIX_HEADER = YES;
				GCC_PREFIX_HEADER = "RSViewControllerAlertView/RSViewControllerAlertView-Prefix.pch";
				HEADER_SEARCH_PATHS = "";
				INFOPLIST_FILE = "RSViewControllerAlertView/RSViewControllerAlertView-Info.plist";
				LD_RUNPATH_SEARCH_PATHS = "$(inherited) @executable_path/Frameworks";
				MODULE_NAME = ExampleApp;
				PRODUCT_BUNDLE_IDENTIFIER = "org.cocoapods.demo.${PRODUCT_NAME:rfc1034identifier}";
				PRODUCT_NAME = "$(TARGET_NAME)";
				PROVISIONING_PROFILE_SPECIFIER = "";
				WRAPPER_EXTENSION = app;
			};
			name = Debug;
		};
		6003F5C1195388D20070C39A /* Release */ = {
			isa = XCBuildConfiguration;
			baseConfigurationReference = 16E5045E74B902CC12C30538 /* Pods-RSViewControllerAlertView_Example.release.xcconfig */;
			buildSettings = {
				ASSETCATALOG_COMPILER_APPICON_NAME = AppIcon;
				CODE_SIGN_STYLE = Manual;
				DEVELOPMENT_TEAM = "";
				GCC_PRECOMPILE_PREFIX_HEADER = YES;
				GCC_PREFIX_HEADER = "RSViewControllerAlertView/RSViewControllerAlertView-Prefix.pch";
				HEADER_SEARCH_PATHS = "";
				INFOPLIST_FILE = "RSViewControllerAlertView/RSViewControllerAlertView-Info.plist";
				LD_RUNPATH_SEARCH_PATHS = "$(inherited) @executable_path/Frameworks";
				MODULE_NAME = ExampleApp;
				PRODUCT_BUNDLE_IDENTIFIER = "org.cocoapods.demo.${PRODUCT_NAME:rfc1034identifier}";
				PRODUCT_NAME = "$(TARGET_NAME)";
				PROVISIONING_PROFILE_SPECIFIER = "";
				WRAPPER_EXTENSION = app;
			};
			name = Release;
		};
/* End XCBuildConfiguration section */

/* Begin XCConfigurationList section */
		6003F585195388D10070C39A /* Build configuration list for PBXProject "RSViewControllerAlertView" */ = {
			isa = XCConfigurationList;
			buildConfigurations = (
				6003F5BD195388D20070C39A /* Debug */,
				6003F5BE195388D20070C39A /* Release */,
			);
			defaultConfigurationIsVisible = 0;
			defaultConfigurationName = Release;
		};
		6003F5BF195388D20070C39A /* Build configuration list for PBXNativeTarget "RSViewControllerAlertView_Example" */ = {
			isa = XCConfigurationList;
			buildConfigurations = (
				6003F5C0195388D20070C39A /* Debug */,
				6003F5C1195388D20070C39A /* Release */,
			);
			defaultConfigurationIsVisible = 0;
			defaultConfigurationName = Release;
		};
/* End XCConfigurationList section */
	};
	rootObject = 6003F582195388D10070C39A /* Project object */;
}
